// !$*UTF8*$!
{
	archiveVersion = 1;
	classes = {
	};
	objectVersion = 56;
	objects = {

/* Begin PBXBuildFile section */
		DA1C96A429A7739B0027156B /* RestartApp.swift in Sources */ = {isa = PBXBuildFile; fileRef = DA1C96A329A7739B0027156B /* RestartApp.swift */; };
		DA1C96A629A7739B0027156B /* ContentView.swift in Sources */ = {isa = PBXBuildFile; fileRef = DA1C96A529A7739B0027156B /* ContentView.swift */; };
		DA1C96A829A7739E0027156B /* Assets.xcassets in Resources */ = {isa = PBXBuildFile; fileRef = DA1C96A729A7739E0027156B /* Assets.xcassets */; };
		DA1C96AB29A7739E0027156B /* Preview Assets.xcassets in Resources */ = {isa = PBXBuildFile; fileRef = DA1C96AA29A7739E0027156B /* Preview Assets.xcassets */; };
		DA1C96B529A7739F0027156B /* RestartTests.swift in Sources */ = {isa = PBXBuildFile; fileRef = DA1C96B429A7739F0027156B /* RestartTests.swift */; };
		DA1C96BF29A7739F0027156B /* RestartUITests.swift in Sources */ = {isa = PBXBuildFile; fileRef = DA1C96BE29A7739F0027156B /* RestartUITests.swift */; };
		DA1C96C129A7739F0027156B /* RestartUITestsLaunchTests.swift in Sources */ = {isa = PBXBuildFile; fileRef = DA1C96C029A7739F0027156B /* RestartUITestsLaunchTests.swift */; };
		DA1C96CF29A774B50027156B /* success.m4a in Resources */ = {isa = PBXBuildFile; fileRef = DA1C96CD29A774B50027156B /* success.m4a */; };
		DA1C96D029A774B50027156B /* chimeup.mp3 in Resources */ = {isa = PBXBuildFile; fileRef = DA1C96CE29A774B50027156B /* chimeup.mp3 */; };
		DA1C96D729A778420027156B /* OnboardingView.swift in Sources */ = {isa = PBXBuildFile; fileRef = DA1C96D629A778420027156B /* OnboardingView.swift */; };
		DA1C96D929A778570027156B /* HomeView.swift in Sources */ = {isa = PBXBuildFile; fileRef = DA1C96D829A778570027156B /* HomeView.swift */; };
		DA1C96DB29A7A0190027156B /* CircleGroupView.swift in Sources */ = {isa = PBXBuildFile; fileRef = DA1C96DA29A7A0190027156B /* CircleGroupView.swift */; };
/* End PBXBuildFile section */

/* Begin PBXContainerItemProxy section */
		DA1C96B129A7739F0027156B /* PBXContainerItemProxy */ = {
			isa = PBXContainerItemProxy;
			containerPortal = DA1C969829A7739B0027156B /* Project object */;
			proxyType = 1;
			remoteGlobalIDString = DA1C969F29A7739B0027156B;
			remoteInfo = Restart;
		};
		DA1C96BB29A7739F0027156B /* PBXContainerItemProxy */ = {
			isa = PBXContainerItemProxy;
			containerPortal = DA1C969829A7739B0027156B /* Project object */;
			proxyType = 1;
			remoteGlobalIDString = DA1C969F29A7739B0027156B;
			remoteInfo = Restart;
		};
/* End PBXContainerItemProxy section */

/* Begin PBXFileReference section */
		DA1C96A029A7739B0027156B /* Restart.app */ = {isa = PBXFileReference; explicitFileType = wrapper.application; includeInIndex = 0; path = Restart.app; sourceTree = BUILT_PRODUCTS_DIR; };
		DA1C96A329A7739B0027156B /* RestartApp.swift */ = {isa = PBXFileReference; lastKnownFileType = sourcecode.swift; path = RestartApp.swift; sourceTree = "<group>"; };
		DA1C96A529A7739B0027156B /* ContentView.swift */ = {isa = PBXFileReference; lastKnownFileType = sourcecode.swift; path = ContentView.swift; sourceTree = "<group>"; };
		DA1C96A729A7739E0027156B /* Assets.xcassets */ = {isa = PBXFileReference; lastKnownFileType = folder.assetcatalog; path = Assets.xcassets; sourceTree = "<group>"; };
		DA1C96AA29A7739E0027156B /* Preview Assets.xcassets */ = {isa = PBXFileReference; lastKnownFileType = folder.assetcatalog; path = "Preview Assets.xcassets"; sourceTree = "<group>"; };
		DA1C96B029A7739F0027156B /* RestartTests.xctest */ = {isa = PBXFileReference; explicitFileType = wrapper.cfbundle; includeInIndex = 0; path = RestartTests.xctest; sourceTree = BUILT_PRODUCTS_DIR; };
		DA1C96B429A7739F0027156B /* RestartTests.swift */ = {isa = PBXFileReference; lastKnownFileType = sourcecode.swift; path = RestartTests.swift; sourceTree = "<group>"; };
		DA1C96BA29A7739F0027156B /* RestartUITests.xctest */ = {isa = PBXFileReference; explicitFileType = wrapper.cfbundle; includeInIndex = 0; path = RestartUITests.xctest; sourceTree = BUILT_PRODUCTS_DIR; };
		DA1C96BE29A7739F0027156B /* RestartUITests.swift */ = {isa = PBXFileReference; lastKnownFileType = sourcecode.swift; path = RestartUITests.swift; sourceTree = "<group>"; };
		DA1C96C029A7739F0027156B /* RestartUITestsLaunchTests.swift */ = {isa = PBXFileReference; lastKnownFileType = sourcecode.swift; path = RestartUITestsLaunchTests.swift; sourceTree = "<group>"; };
		DA1C96CD29A774B50027156B /* success.m4a */ = {isa = PBXFileReference; lastKnownFileType = file; path = success.m4a; sourceTree = "<group>"; };
		DA1C96CE29A774B50027156B /* chimeup.mp3 */ = {isa = PBXFileReference; lastKnownFileType = audio.mp3; path = chimeup.mp3; sourceTree = "<group>"; };
		DA1C96D529A777D30027156B /* Info.plist */ = {isa = PBXFileReference; lastKnownFileType = text.plist; path = Info.plist; sourceTree = "<group>"; };
		DA1C96D629A778420027156B /* OnboardingView.swift */ = {isa = PBXFileReference; lastKnownFileType = sourcecode.swift; path = OnboardingView.swift; sourceTree = "<group>"; };
		DA1C96D829A778570027156B /* HomeView.swift */ = {isa = PBXFileReference; lastKnownFileType = sourcecode.swift; path = HomeView.swift; sourceTree = "<group>"; };
		DA1C96DA29A7A0190027156B /* CircleGroupView.swift */ = {isa = PBXFileReference; lastKnownFileType = sourcecode.swift; path = CircleGroupView.swift; sourceTree = "<group>"; };
/* End PBXFileReference section */

/* Begin PBXFrameworksBuildPhase section */
		DA1C969D29A7739B0027156B /* Frameworks */ = {
			isa = PBXFrameworksBuildPhase;
			buildActionMask = 2147483647;
			files = (
			);
			runOnlyForDeploymentPostprocessing = 0;
		};
		DA1C96AD29A7739F0027156B /* Frameworks */ = {
			isa = PBXFrameworksBuildPhase;
			buildActionMask = 2147483647;
			files = (
			);
			runOnlyForDeploymentPostprocessing = 0;
		};
		DA1C96B729A7739F0027156B /* Frameworks */ = {
			isa = PBXFrameworksBuildPhase;
			buildActionMask = 2147483647;
			files = (
			);
			runOnlyForDeploymentPostprocessing = 0;
		};
/* End PBXFrameworksBuildPhase section */

/* Begin PBXGroup section */
		DA1C969729A7739B0027156B = {
			isa = PBXGroup;
			children = (
				DA1C96A229A7739B0027156B /* Restart */,
				DA1C96B329A7739F0027156B /* RestartTests */,
				DA1C96BD29A7739F0027156B /* RestartUITests */,
				DA1C96A129A7739B0027156B /* Products */,
			);
			sourceTree = "<group>";
		};
		DA1C96A129A7739B0027156B /* Products */ = {
			isa = PBXGroup;
			children = (
				DA1C96A029A7739B0027156B /* Restart.app */,
				DA1C96B029A7739F0027156B /* RestartTests.xctest */,
				DA1C96BA29A7739F0027156B /* RestartUITests.xctest */,
			);
			name = Products;
			sourceTree = "<group>";
		};
		DA1C96A229A7739B0027156B /* Restart */ = {
			isa = PBXGroup;
			children = (
				DA1C96D529A777D30027156B /* Info.plist */,
				DA1C96D129A774DE0027156B /* Sounds */,
				DA1C96A329A7739B0027156B /* RestartApp.swift */,
				DA1C96D229A775E70027156B /* Screens */,
				DA1C96A729A7739E0027156B /* Assets.xcassets */,
				DA1C96D429A776100027156B /* Utilities */,
				DA1C96D329A776000027156B /* Views */,
				DA1C96A929A7739E0027156B /* Preview Content */,
			);
			path = Restart;
			sourceTree = "<group>";
		};
		DA1C96A929A7739E0027156B /* Preview Content */ = {
			isa = PBXGroup;
			children = (
				DA1C96AA29A7739E0027156B /* Preview Assets.xcassets */,
			);
			path = "Preview Content";
			sourceTree = "<group>";
		};
		DA1C96B329A7739F0027156B /* RestartTests */ = {
			isa = PBXGroup;
			children = (
				DA1C96B429A7739F0027156B /* RestartTests.swift */,
			);
			path = RestartTests;
			sourceTree = "<group>";
		};
		DA1C96BD29A7739F0027156B /* RestartUITests */ = {
			isa = PBXGroup;
			children = (
				DA1C96BE29A7739F0027156B /* RestartUITests.swift */,
				DA1C96C029A7739F0027156B /* RestartUITestsLaunchTests.swift */,
			);
			path = RestartUITests;
			sourceTree = "<group>";
		};
		DA1C96D129A774DE0027156B /* Sounds */ = {
			isa = PBXGroup;
			children = (
				DA1C96CE29A774B50027156B /* chimeup.mp3 */,
				DA1C96CD29A774B50027156B /* success.m4a */,
			);
			path = Sounds;
			sourceTree = "<group>";
		};
		DA1C96D229A775E70027156B /* Screens */ = {
			isa = PBXGroup;
			children = (
				DA1C96A529A7739B0027156B /* ContentView.swift */,
				DA1C96D629A778420027156B /* OnboardingView.swift */,
				DA1C96D829A778570027156B /* HomeView.swift */,
			);
			path = Screens;
			sourceTree = "<group>";
		};
		DA1C96D329A776000027156B /* Views */ = {
			isa = PBXGroup;
			children = (
				DA1C96DA29A7A0190027156B /* CircleGroupView.swift */,
			);
			path = Views;
			sourceTree = "<group>";
		};
		DA1C96D429A776100027156B /* Utilities */ = {
			isa = PBXGroup;
			children = (
			);
			path = Utilities;
			sourceTree = "<group>";
		};
/* End PBXGroup section */

/* Begin PBXNativeTarget section */
		DA1C969F29A7739B0027156B /* Restart */ = {
			isa = PBXNativeTarget;
			buildConfigurationList = DA1C96C429A7739F0027156B /* Build configuration list for PBXNativeTarget "Restart" */;
			buildPhases = (
				DA1C969C29A7739B0027156B /* Sources */,
				DA1C969D29A7739B0027156B /* Frameworks */,
				DA1C969E29A7739B0027156B /* Resources */,
			);
			buildRules = (
			);
			dependencies = (
			);
			name = Restart;
			productName = Restart;
			productReference = DA1C96A029A7739B0027156B /* Restart.app */;
			productType = "com.apple.product-type.application";
		};
		DA1C96AF29A7739F0027156B /* RestartTests */ = {
			isa = PBXNativeTarget;
			buildConfigurationList = DA1C96C729A7739F0027156B /* Build configuration list for PBXNativeTarget "RestartTests" */;
			buildPhases = (
				DA1C96AC29A7739F0027156B /* Sources */,
				DA1C96AD29A7739F0027156B /* Frameworks */,
				DA1C96AE29A7739F0027156B /* Resources */,
			);
			buildRules = (
			);
			dependencies = (
				DA1C96B229A7739F0027156B /* PBXTargetDependency */,
			);
			name = RestartTests;
			productName = RestartTests;
			productReference = DA1C96B029A7739F0027156B /* RestartTests.xctest */;
			productType = "com.apple.product-type.bundle.unit-test";
		};
		DA1C96B929A7739F0027156B /* RestartUITests */ = {
			isa = PBXNativeTarget;
			buildConfigurationList = DA1C96CA29A7739F0027156B /* Build configuration list for PBXNativeTarget "RestartUITests" */;
			buildPhases = (
				DA1C96B629A7739F0027156B /* Sources */,
				DA1C96B729A7739F0027156B /* Frameworks */,
				DA1C96B829A7739F0027156B /* Resources */,
			);
			buildRules = (
			);
			dependencies = (
				DA1C96BC29A7739F0027156B /* PBXTargetDependency */,
			);
			name = RestartUITests;
			productName = RestartUITests;
			productReference = DA1C96BA29A7739F0027156B /* RestartUITests.xctest */;
			productType = "com.apple.product-type.bundle.ui-testing";
		};
/* End PBXNativeTarget section */

/* Begin PBXProject section */
		DA1C969829A7739B0027156B /* Project object */ = {
			isa = PBXProject;
			attributes = {
				BuildIndependentTargetsInParallel = 1;
				LastSwiftUpdateCheck = 1420;
				LastUpgradeCheck = 1420;
				TargetAttributes = {
					DA1C969F29A7739B0027156B = {
						CreatedOnToolsVersion = 14.2;
					};
					DA1C96AF29A7739F0027156B = {
						CreatedOnToolsVersion = 14.2;
						TestTargetID = DA1C969F29A7739B0027156B;
					};
					DA1C96B929A7739F0027156B = {
						CreatedOnToolsVersion = 14.2;
						TestTargetID = DA1C969F29A7739B0027156B;
					};
				};
			};
			buildConfigurationList = DA1C969B29A7739B0027156B /* Build configuration list for PBXProject "Restart" */;
			compatibilityVersion = "Xcode 14.0";
			developmentRegion = en;
			hasScannedForEncodings = 0;
			knownRegions = (
				en,
				Base,
			);
			mainGroup = DA1C969729A7739B0027156B;
			productRefGroup = DA1C96A129A7739B0027156B /* Products */;
			projectDirPath = "";
			projectRoot = "";
			targets = (
				DA1C969F29A7739B0027156B /* Restart */,
				DA1C96AF29A7739F0027156B /* RestartTests */,
				DA1C96B929A7739F0027156B /* RestartUITests */,
			);
		};
/* End PBXProject section */

/* Begin PBXResourcesBuildPhase section */
		DA1C969E29A7739B0027156B /* Resources */ = {
			isa = PBXResourcesBuildPhase;
			buildActionMask = 2147483647;
			files = (
				DA1C96D029A774B50027156B /* chimeup.mp3 in Resources */,
				DA1C96AB29A7739E0027156B /* Preview Assets.xcassets in Resources */,
				DA1C96CF29A774B50027156B /* success.m4a in Resources */,
				DA1C96A829A7739E0027156B /* Assets.xcassets in Resources */,
			);
			runOnlyForDeploymentPostprocessing = 0;
		};
		DA1C96AE29A7739F0027156B /* Resources */ = {
			isa = PBXResourcesBuildPhase;
			buildActionMask = 2147483647;
			files = (
			);
			runOnlyForDeploymentPostprocessing = 0;
		};
		DA1C96B829A7739F0027156B /* Resources */ = {
			isa = PBXResourcesBuildPhase;
			buildActionMask = 2147483647;
			files = (
			);
			runOnlyForDeploymentPostprocessing = 0;
		};
/* End PBXResourcesBuildPhase section */

/* Begin PBXSourcesBuildPhase section */
		DA1C969C29A7739B0027156B /* Sources */ = {
			isa = PBXSourcesBuildPhase;
			buildActionMask = 2147483647;
			files = (
				DA1C96DB29A7A0190027156B /* CircleGroupView.swift in Sources */,
				DA1C96D729A778420027156B /* OnboardingView.swift in Sources */,
				DA1C96D929A778570027156B /* HomeView.swift in Sources */,
				DA1C96A629A7739B0027156B /* ContentView.swift in Sources */,
				DA1C96A429A7739B0027156B /* RestartApp.swift in Sources */,
			);
			runOnlyForDeploymentPostprocessing = 0;
		};
		DA1C96AC29A7739F0027156B /* Sources */ = {
			isa = PBXSourcesBuildPhase;
			buildActionMask = 2147483647;
			files = (
				DA1C96B529A7739F0027156B /* RestartTests.swift in Sources */,
			);
			runOnlyForDeploymentPostprocessing = 0;
		};
		DA1C96B629A7739F0027156B /* Sources */ = {
			isa = PBXSourcesBuildPhase;
			buildActionMask = 2147483647;
			files = (
				DA1C96C129A7739F0027156B /* RestartUITestsLaunchTests.swift in Sources */,
				DA1C96BF29A7739F0027156B /* RestartUITests.swift in Sources */,
			);
			runOnlyForDeploymentPostprocessing = 0;
		};
/* End PBXSourcesBuildPhase section */

/* Begin PBXTargetDependency section */
		DA1C96B229A7739F0027156B /* PBXTargetDependency */ = {
			isa = PBXTargetDependency;
			target = DA1C969F29A7739B0027156B /* Restart */;
			targetProxy = DA1C96B129A7739F0027156B /* PBXContainerItemProxy */;
		};
		DA1C96BC29A7739F0027156B /* PBXTargetDependency */ = {
			isa = PBXTargetDependency;
			target = DA1C969F29A7739B0027156B /* Restart */;
			targetProxy = DA1C96BB29A7739F0027156B /* PBXContainerItemProxy */;
		};
/* End PBXTargetDependency section */

/* Begin XCBuildConfiguration section */
		DA1C96C229A7739F0027156B /* Debug */ = {
			isa = XCBuildConfiguration;
			buildSettings = {
				ALWAYS_SEARCH_USER_PATHS = NO;
				CLANG_ANALYZER_NONNULL = YES;
				CLANG_ANALYZER_NUMBER_OBJECT_CONVERSION = YES_AGGRESSIVE;
				CLANG_CXX_LANGUAGE_STANDARD = "gnu++20";
				CLANG_ENABLE_MODULES = YES;
				CLANG_ENABLE_OBJC_ARC = YES;
				CLANG_ENABLE_OBJC_WEAK = YES;
				CLANG_WARN_BLOCK_CAPTURE_AUTORELEASING = YES;
				CLANG_WARN_BOOL_CONVERSION = YES;
				CLANG_WARN_COMMA = YES;
				CLANG_WARN_CONSTANT_CONVERSION = YES;
				CLANG_WARN_DEPRECATED_OBJC_IMPLEMENTATIONS = YES;
				CLANG_WARN_DIRECT_OBJC_ISA_USAGE = YES_ERROR;
				CLANG_WARN_DOCUMENTATION_COMMENTS = YES;
				CLANG_WARN_EMPTY_BODY = YES;
				CLANG_WARN_ENUM_CONVERSION = YES;
				CLANG_WARN_INFINITE_RECURSION = YES;
				CLANG_WARN_INT_CONVERSION = YES;
				CLANG_WARN_NON_LITERAL_NULL_CONVERSION = YES;
				CLANG_WARN_OBJC_IMPLICIT_RETAIN_SELF = YES;
				CLANG_WARN_OBJC_LITERAL_CONVERSION = YES;
				CLANG_WARN_OBJC_ROOT_CLASS = YES_ERROR;
				CLANG_WARN_QUOTED_INCLUDE_IN_FRAMEWORK_HEADER = YES;
				CLANG_WARN_RANGE_LOOP_ANALYSIS = YES;
				CLANG_WARN_STRICT_PROTOTYPES = YES;
				CLANG_WARN_SUSPICIOUS_MOVE = YES;
				CLANG_WARN_UNGUARDED_AVAILABILITY = YES_AGGRESSIVE;
				CLANG_WARN_UNREACHABLE_CODE = YES;
				CLANG_WARN__DUPLICATE_METHOD_MATCH = YES;
				COPY_PHASE_STRIP = NO;
				DEBUG_INFORMATION_FORMAT = dwarf;
				ENABLE_STRICT_OBJC_MSGSEND = YES;
				ENABLE_TESTABILITY = YES;
				GCC_C_LANGUAGE_STANDARD = gnu11;
				GCC_DYNAMIC_NO_PIC = NO;
				GCC_NO_COMMON_BLOCKS = YES;
				GCC_OPTIMIZATION_LEVEL = 0;
				GCC_PREPROCESSOR_DEFINITIONS = (
					"DEBUG=1",
					"$(inherited)",
				);
				GCC_WARN_64_TO_32_BIT_CONVERSION = YES;
				GCC_WARN_ABOUT_RETURN_TYPE = YES_ERROR;
				GCC_WARN_UNDECLARED_SELECTOR = YES;
				GCC_WARN_UNINITIALIZED_AUTOS = YES_AGGRESSIVE;
				GCC_WARN_UNUSED_FUNCTION = YES;
				GCC_WARN_UNUSED_VARIABLE = YES;
				IPHONEOS_DEPLOYMENT_TARGET = 16.2;
				MTL_ENABLE_DEBUG_INFO = INCLUDE_SOURCE;
				MTL_FAST_MATH = YES;
				ONLY_ACTIVE_ARCH = YES;
				SDKROOT = iphoneos;
				SWIFT_ACTIVE_COMPILATION_CONDITIONS = DEBUG;
				SWIFT_OPTIMIZATION_LEVEL = "-Onone";
			};
			name = Debug;
		};
		DA1C96C329A7739F0027156B /* Release */ = {
			isa = XCBuildConfiguration;
			buildSettings = {
				ALWAYS_SEARCH_USER_PATHS = NO;
				CLANG_ANALYZER_NONNULL = YES;
				CLANG_ANALYZER_NUMBER_OBJECT_CONVERSION = YES_AGGRESSIVE;
				CLANG_CXX_LANGUAGE_STANDARD = "gnu++20";
				CLANG_ENABLE_MODULES = YES;
				CLANG_ENABLE_OBJC_ARC = YES;
				CLANG_ENABLE_OBJC_WEAK = YES;
				CLANG_WARN_BLOCK_CAPTURE_AUTORELEASING = YES;
				CLANG_WARN_BOOL_CONVERSION = YES;
				CLANG_WARN_COMMA = YES;
				CLANG_WARN_CONSTANT_CONVERSION = YES;
				CLANG_WARN_DEPRECATED_OBJC_IMPLEMENTATIONS = YES;
				CLANG_WARN_DIRECT_OBJC_ISA_USAGE = YES_ERROR;
				CLANG_WARN_DOCUMENTATION_COMMENTS = YES;
				CLANG_WARN_EMPTY_BODY = YES;
				CLANG_WARN_ENUM_CONVERSION = YES;
				CLANG_WARN_INFINITE_RECURSION = YES;
				CLANG_WARN_INT_CONVERSION = YES;
				CLANG_WARN_NON_LITERAL_NULL_CONVERSION = YES;
				CLANG_WARN_OBJC_IMPLICIT_RETAIN_SELF = YES;
				CLANG_WARN_OBJC_LITERAL_CONVERSION = YES;
				CLANG_WARN_OBJC_ROOT_CLASS = YES_ERROR;
				CLANG_WARN_QUOTED_INCLUDE_IN_FRAMEWORK_HEADER = YES;
				CLANG_WARN_RANGE_LOOP_ANALYSIS = YES;
				CLANG_WARN_STRICT_PROTOTYPES = YES;
				CLANG_WARN_SUSPICIOUS_MOVE = YES;
				CLANG_WARN_UNGUARDED_AVAILABILITY = YES_AGGRESSIVE;
				CLANG_WARN_UNREACHABLE_CODE = YES;
				CLANG_WARN__DUPLICATE_METHOD_MATCH = YES;
				COPY_PHASE_STRIP = NO;
				DEBUG_INFORMATION_FORMAT = "dwarf-with-dsym";
				ENABLE_NS_ASSERTIONS = NO;
				ENABLE_STRICT_OBJC_MSGSEND = YES;
				GCC_C_LANGUAGE_STANDARD = gnu11;
				GCC_NO_COMMON_BLOCKS = YES;
				GCC_WARN_64_TO_32_BIT_CONVERSION = YES;
				GCC_WARN_ABOUT_RETURN_TYPE = YES_ERROR;
				GCC_WARN_UNDECLARED_SELECTOR = YES;
				GCC_WARN_UNINITIALIZED_AUTOS = YES_AGGRESSIVE;
				GCC_WARN_UNUSED_FUNCTION = YES;
				GCC_WARN_UNUSED_VARIABLE = YES;
				IPHONEOS_DEPLOYMENT_TARGET = 16.2;
				MTL_ENABLE_DEBUG_INFO = NO;
				MTL_FAST_MATH = YES;
				SDKROOT = iphoneos;
				SWIFT_COMPILATION_MODE = wholemodule;
				SWIFT_OPTIMIZATION_LEVEL = "-O";
				VALIDATE_PRODUCT = YES;
			};
			name = Release;
		};
		DA1C96C529A7739F0027156B /* Debug */ = {
			isa = XCBuildConfiguration;
			buildSettings = {
				ASSETCATALOG_COMPILER_APPICON_NAME = AppIcon;
				ASSETCATALOG_COMPILER_GLOBAL_ACCENT_COLOR_NAME = AccentColor;
				CODE_SIGN_STYLE = Automatic;
				CURRENT_PROJECT_VERSION = 1;
				DEVELOPMENT_ASSET_PATHS = "\"Restart/Preview Content\"";
				DEVELOPMENT_TEAM = M4Z9846KT7;
				ENABLE_PREVIEWS = YES;
				GENERATE_INFOPLIST_FILE = YES;
				INFOPLIST_FILE = Restart/Info.plist;
				INFOPLIST_KEY_UIApplicationSceneManifest_Generation = YES;
				INFOPLIST_KEY_UIApplicationSupportsIndirectInputEvents = YES;
				INFOPLIST_KEY_UISupportedInterfaceOrientations = UIInterfaceOrientationPortrait;
				IPHONEOS_DEPLOYMENT_TARGET = 15.2;
				LD_RUNPATH_SEARCH_PATHS = (
					"$(inherited)",
					"@executable_path/Frameworks",
				);
				MARKETING_VERSION = 1.0;
				PRODUCT_BUNDLE_IDENTIFIER = jcrsdc.Restart;
				PRODUCT_NAME = "$(TARGET_NAME)";
				SUPPORTED_PLATFORMS = "iphoneos iphonesimulator";
				SUPPORTS_MACCATALYST = NO;
				SUPPORTS_MAC_DESIGNED_FOR_IPHONE_IPAD = NO;
				SWIFT_EMIT_LOC_STRINGS = YES;
				SWIFT_VERSION = 5.0;
				TARGETED_DEVICE_FAMILY = "1,2";
			};
			name = Debug;
		};
		DA1C96C629A7739F0027156B /* Release */ = {
			isa = XCBuildConfiguration;
			buildSettings = {
				ASSETCATALOG_COMPILER_APPICON_NAME = AppIcon;
				ASSETCATALOG_COMPILER_GLOBAL_ACCENT_COLOR_NAME = AccentColor;
				CODE_SIGN_STYLE = Automatic;
				CURRENT_PROJECT_VERSION = 1;
				DEVELOPMENT_ASSET_PATHS = "\"Restart/Preview Content\"";
				DEVELOPMENT_TEAM = M4Z9846KT7;
				ENABLE_PREVIEWS = YES;
				GENERATE_INFOPLIST_FILE = YES;
				INFOPLIST_FILE = Restart/Info.plist;
				INFOPLIST_KEY_UIApplicationSceneManifest_Generation = YES;
				INFOPLIST_KEY_UIApplicationSupportsIndirectInputEvents = YES;
				INFOPLIST_KEY_UISupportedInterfaceOrientations = UIInterfaceOrientationPortrait;
				IPHONEOS_DEPLOYMENT_TARGET = 15.2;
				LD_RUNPATH_SEARCH_PATHS = (
					"$(inherited)",
					"@executable_path/Frameworks",
				);
				MARKETING_VERSION = 1.0;
				PRODUCT_BUNDLE_IDENTIFIER = jcrsdc.Restart;
				PRODUCT_NAME = "$(TARGET_NAME)";
				SUPPORTED_PLATFORMS = "iphoneos iphonesimulator";
				SUPPORTS_MACCATALYST = NO;
				SUPPORTS_MAC_DESIGNED_FOR_IPHONE_IPAD = NO;
				SWIFT_EMIT_LOC_STRINGS = YES;
				SWIFT_VERSION = 5.0;
				TARGETED_DEVICE_FAMILY = "1,2";
			};
			name = Release;
		};
		DA1C96C829A7739F0027156B /* Debug */ = {
			isa = XCBuildConfiguration;
			buildSettings = {
				ALWAYS_EMBED_SWIFT_STANDARD_LIBRARIES = YES;
				BUNDLE_LOADER = "$(TEST_HOST)";
				CODE_SIGN_STYLE = Automatic;
				CURRENT_PROJECT_VERSION = 1;
				DEVELOPMENT_TEAM = M4Z9846KT7;
				GENERATE_INFOPLIST_FILE = YES;
				IPHONEOS_DEPLOYMENT_TARGET = 16.2;
				MARKETING_VERSION = 1.0;
				PRODUCT_BUNDLE_IDENTIFIER = jcrsdc.RestartTests;
				PRODUCT_NAME = "$(TARGET_NAME)";
				SWIFT_EMIT_LOC_STRINGS = NO;
				SWIFT_VERSION = 5.0;
				TARGETED_DEVICE_FAMILY = "1,2";
				TEST_HOST = "$(BUILT_PRODUCTS_DIR)/Restart.app/$(BUNDLE_EXECUTABLE_FOLDER_PATH)/Restart";
			};
			name = Debug;
		};
		DA1C96C929A7739F0027156B /* Release */ = {
			isa = XCBuildConfiguration;
			buildSettings = {
				ALWAYS_EMBED_SWIFT_STANDARD_LIBRARIES = YES;
				BUNDLE_LOADER = "$(TEST_HOST)";
				CODE_SIGN_STYLE = Automatic;
				CURRENT_PROJECT_VERSION = 1;
				DEVELOPMENT_TEAM = M4Z9846KT7;
				GENERATE_INFOPLIST_FILE = YES;
				IPHONEOS_DEPLOYMENT_TARGET = 16.2;
				MARKETING_VERSION = 1.0;
				PRODUCT_BUNDLE_IDENTIFIER = jcrsdc.RestartTests;
				PRODUCT_NAME = "$(TARGET_NAME)";
				SWIFT_EMIT_LOC_STRINGS = NO;
				SWIFT_VERSION = 5.0;
				TARGETED_DEVICE_FAMILY = "1,2";
				TEST_HOST = "$(BUILT_PRODUCTS_DIR)/Restart.app/$(BUNDLE_EXECUTABLE_FOLDER_PATH)/Restart";
			};
			name = Release;
		};
		DA1C96CB29A7739F0027156B /* Debug */ = {
			isa = XCBuildConfiguration;
			buildSettings = {
				ALWAYS_EMBED_SWIFT_STANDARD_LIBRARIES = YES;
				CODE_SIGN_STYLE = Automatic;
				CURRENT_PROJECT_VERSION = 1;
				DEVELOPMENT_TEAM = M4Z9846KT7;
				GENERATE_INFOPLIST_FILE = YES;
				MARKETING_VERSION = 1.0;
				PRODUCT_BUNDLE_IDENTIFIER = jcrsdc.RestartUITests;
				PRODUCT_NAME = "$(TARGET_NAME)";
				SWIFT_EMIT_LOC_STRINGS = NO;
				SWIFT_VERSION = 5.0;
				TARGETED_DEVICE_FAMILY = "1,2";
				TEST_TARGET_NAME = Restart;
			};
			name = Debug;
		};
		DA1C96CC29A7739F0027156B /* Release */ = {
			isa = XCBuildConfiguration;
			buildSettings = {
				ALWAYS_EMBED_SWIFT_STANDARD_LIBRARIES = YES;
				CODE_SIGN_STYLE = Automatic;
				CURRENT_PROJECT_VERSION = 1;
				DEVELOPMENT_TEAM = M4Z9846KT7;
				GENERATE_INFOPLIST_FILE = YES;
				MARKETING_VERSION = 1.0;
				PRODUCT_BUNDLE_IDENTIFIER = jcrsdc.RestartUITests;
				PRODUCT_NAME = "$(TARGET_NAME)";
				SWIFT_EMIT_LOC_STRINGS = NO;
				SWIFT_VERSION = 5.0;
				TARGETED_DEVICE_FAMILY = "1,2";
				TEST_TARGET_NAME = Restart;
			};
			name = Release;
		};
/* End XCBuildConfiguration section */

/* Begin XCConfigurationList section */
		DA1C969B29A7739B0027156B /* Build configuration list for PBXProject "Restart" */ = {
			isa = XCConfigurationList;
			buildConfigurations = (
				DA1C96C229A7739F0027156B /* Debug */,
				DA1C96C329A7739F0027156B /* Release */,
			);
			defaultConfigurationIsVisible = 0;
			defaultConfigurationName = Release;
		};
		DA1C96C429A7739F0027156B /* Build configuration list for PBXNativeTarget "Restart" */ = {
			isa = XCConfigurationList;
			buildConfigurations = (
				DA1C96C529A7739F0027156B /* Debug */,
				DA1C96C629A7739F0027156B /* Release */,
			);
			defaultConfigurationIsVisible = 0;
			defaultConfigurationName = Release;
		};
		DA1C96C729A7739F0027156B /* Build configuration list for PBXNativeTarget "RestartTests" */ = {
			isa = XCConfigurationList;
			buildConfigurations = (
				DA1C96C829A7739F0027156B /* Debug */,
				DA1C96C929A7739F0027156B /* Release */,
			);
			defaultConfigurationIsVisible = 0;
			defaultConfigurationName = Release;
		};
		DA1C96CA29A7739F0027156B /* Build configuration list for PBXNativeTarget "RestartUITests" */ = {
			isa = XCConfigurationList;
			buildConfigurations = (
				DA1C96CB29A7739F0027156B /* Debug */,
				DA1C96CC29A7739F0027156B /* Release */,
			);
			defaultConfigurationIsVisible = 0;
			defaultConfigurationName = Release;
		};
/* End XCConfigurationList section */
	};
	rootObject = DA1C969829A7739B0027156B /* Project object */;
}
